// !$*UTF8*$!
{
	archiveVersion = 1;
	classes = {
	};
	objectVersion = 55;
	objects = {

/* Begin PBXBuildFile section */
		1A1DBD01280346CB00A3E69B /* PopupProductDetailController.swift in Sources */ = {isa = PBXBuildFile; fileRef = 1A1DBD00280346CB00A3E69B /* PopupProductDetailController.swift */; };
		1A253B2F2803C2ED00E5D312 /* ProductItemView.swift in Sources */ = {isa = PBXBuildFile; fileRef = 1A253B2E2803C2ED00E5D312 /* ProductItemView.swift */; };
		1A253B312803DC9A00E5D312 /* PopupChartController.swift in Sources */ = {isa = PBXBuildFile; fileRef = 1A253B302803DC9A00E5D312 /* PopupChartController.swift */; };
		1A2F886527FEEA3D009C3FEE /* RecommendationItemView.swift in Sources */ = {isa = PBXBuildFile; fileRef = 1A2F886427FEEA3D009C3FEE /* RecommendationItemView.swift */; };
		1A30E91728002EB000832614 /* PopupPetLevelEmptyController.swift in Sources */ = {isa = PBXBuildFile; fileRef = 1A30E91628002EB000832614 /* PopupPetLevelEmptyController.swift */; };
		1A55AB1B27FE87090063D286 /* ProductItem.swift in Sources */ = {isa = PBXBuildFile; fileRef = 1A55AB1A27FE87090063D286 /* ProductItem.swift */; };
		1A55AB1E27FE8D690063D286 /* Products.json in Resources */ = {isa = PBXBuildFile; fileRef = 1A55AB1D27FE8D690063D286 /* Products.json */; };
		1A55AB2027FE97C80063D286 /* ModelData.swift in Sources */ = {isa = PBXBuildFile; fileRef = 1A55AB1F27FE97C80063D286 /* ModelData.swift */; };
		1A7E892327FF90B40023F8EB /* RecommendationEmptyController.swift in Sources */ = {isa = PBXBuildFile; fileRef = 1A7E892227FF90B40023F8EB /* RecommendationEmptyController.swift */; };
		1A86676627FDEAB500BAA581 /* RecommendationController.swift in Sources */ = {isa = PBXBuildFile; fileRef = 1A86676527FDEAB500BAA581 /* RecommendationController.swift */; };
		1A9FC4C528047F4E001EDAE4 /* FeatureInfoController.swift in Sources */ = {isa = PBXBuildFile; fileRef = 1A9FC4C428047F4E001EDAE4 /* FeatureInfoController.swift */; };
		1A9FC4C82804A7F6001EDAE4 /* FeaturesInfoDetailController.swift in Sources */ = {isa = PBXBuildFile; fileRef = 1A9FC4C72804A7F6001EDAE4 /* FeaturesInfoDetailController.swift */; };
		1A9FC4CA2804A99D001EDAE4 /* CustomPageViewController.swift in Sources */ = {isa = PBXBuildFile; fileRef = 1A9FC4C92804A99D001EDAE4 /* CustomPageViewController.swift */; };
		1AB1098928064FC80092E85D /* WaitingResultController.swift in Sources */ = {isa = PBXBuildFile; fileRef = 1AB1098828064FC80092E85D /* WaitingResultController.swift */; };
		1ADCA5052805CE49001C0A99 /* ChatViewController.swift in Sources */ = {isa = PBXBuildFile; fileRef = 1ADCA5042805CE49001C0A99 /* ChatViewController.swift */; };
		1AE9E57A280536C60091EA21 /* BaseChatViewController.swift in Sources */ = {isa = PBXBuildFile; fileRef = 1AE9E579280536C60091EA21 /* BaseChatViewController.swift */; };
		1AE9E57D280537EF0091EA21 /* MessageKit in Frameworks */ = {isa = PBXBuildFile; productRef = 1AE9E57C280537EF0091EA21 /* MessageKit */; };
		1AEA25C427FBE7A400731BED /* AppDelegate.swift in Sources */ = {isa = PBXBuildFile; fileRef = 1AEA25C327FBE7A400731BED /* AppDelegate.swift */; };
		1AEA25C627FBE7A400731BED /* SceneDelegate.swift in Sources */ = {isa = PBXBuildFile; fileRef = 1AEA25C527FBE7A400731BED /* SceneDelegate.swift */; };
		1AEA25C827FBE7A400731BED /* ViewController.swift in Sources */ = {isa = PBXBuildFile; fileRef = 1AEA25C727FBE7A400731BED /* ViewController.swift */; };
		1AEA25CB27FBE7A400731BED /* Main.storyboard in Resources */ = {isa = PBXBuildFile; fileRef = 1AEA25C927FBE7A400731BED /* Main.storyboard */; };
		1AEA25CD27FBE7A500731BED /* Assets.xcassets in Resources */ = {isa = PBXBuildFile; fileRef = 1AEA25CC27FBE7A500731BED /* Assets.xcassets */; };
		1AEA25D027FBE7A500731BED /* LaunchScreen.storyboard in Resources */ = {isa = PBXBuildFile; fileRef = 1AEA25CE27FBE7A500731BED /* LaunchScreen.storyboard */; };
		1AEA25DB27FBE7A500731BED /* MiniChallenge1Tests.swift in Sources */ = {isa = PBXBuildFile; fileRef = 1AEA25DA27FBE7A500731BED /* MiniChallenge1Tests.swift */; };
		1AEA25E527FBE7A500731BED /* MiniChallenge1UITests.swift in Sources */ = {isa = PBXBuildFile; fileRef = 1AEA25E427FBE7A500731BED /* MiniChallenge1UITests.swift */; };
		1AEA25E727FBE7A500731BED /* MiniChallenge1UITestsLaunchTests.swift in Sources */ = {isa = PBXBuildFile; fileRef = 1AEA25E627FBE7A500731BED /* MiniChallenge1UITestsLaunchTests.swift */; };
		1AFF432C27FFE1D60049690D /* BottomSheet in Frameworks */ = {isa = PBXBuildFile; productRef = 1AFF432B27FFE1D60049690D /* BottomSheet */; };
		1AFF432F27FFE4650049690D /* PopupPetLevelController.swift in Sources */ = {isa = PBXBuildFile; fileRef = 1AFF432E27FFE4650049690D /* PopupPetLevelController.swift */; };
/* End PBXBuildFile section */

/* Begin PBXContainerItemProxy section */
		1AEA25D727FBE7A500731BED /* PBXContainerItemProxy */ = {
			isa = PBXContainerItemProxy;
			containerPortal = 1AEA25B827FBE7A400731BED /* Project object */;
			proxyType = 1;
			remoteGlobalIDString = 1AEA25BF27FBE7A400731BED;
			remoteInfo = MiniChallenge1;
		};
		1AEA25E127FBE7A500731BED /* PBXContainerItemProxy */ = {
			isa = PBXContainerItemProxy;
			containerPortal = 1AEA25B827FBE7A400731BED /* Project object */;
			proxyType = 1;
			remoteGlobalIDString = 1AEA25BF27FBE7A400731BED;
			remoteInfo = MiniChallenge1;
		};
/* End PBXContainerItemProxy section */

/* Begin PBXFileReference section */
		1A1DBD00280346CB00A3E69B /* PopupProductDetailController.swift */ = {isa = PBXFileReference; lastKnownFileType = sourcecode.swift; path = PopupProductDetailController.swift; sourceTree = "<group>"; };
		1A253B2E2803C2ED00E5D312 /* ProductItemView.swift */ = {isa = PBXFileReference; lastKnownFileType = sourcecode.swift; path = ProductItemView.swift; sourceTree = "<group>"; };
		1A253B302803DC9A00E5D312 /* PopupChartController.swift */ = {isa = PBXFileReference; lastKnownFileType = sourcecode.swift; path = PopupChartController.swift; sourceTree = "<group>"; };
		1A2F886427FEEA3D009C3FEE /* RecommendationItemView.swift */ = {isa = PBXFileReference; lastKnownFileType = sourcecode.swift; path = RecommendationItemView.swift; sourceTree = "<group>"; };
		1A30E91628002EB000832614 /* PopupPetLevelEmptyController.swift */ = {isa = PBXFileReference; lastKnownFileType = sourcecode.swift; path = PopupPetLevelEmptyController.swift; sourceTree = "<group>"; };
		1A55AB1A27FE87090063D286 /* ProductItem.swift */ = {isa = PBXFileReference; lastKnownFileType = sourcecode.swift; path = ProductItem.swift; sourceTree = "<group>"; };
		1A55AB1D27FE8D690063D286 /* Products.json */ = {isa = PBXFileReference; lastKnownFileType = text.json; path = Products.json; sourceTree = "<group>"; };
		1A55AB1F27FE97C80063D286 /* ModelData.swift */ = {isa = PBXFileReference; lastKnownFileType = sourcecode.swift; path = ModelData.swift; sourceTree = "<group>"; };
		1A7E892227FF90B40023F8EB /* RecommendationEmptyController.swift */ = {isa = PBXFileReference; lastKnownFileType = sourcecode.swift; path = RecommendationEmptyController.swift; sourceTree = "<group>"; };
		1A86676527FDEAB500BAA581 /* RecommendationController.swift */ = {isa = PBXFileReference; lastKnownFileType = sourcecode.swift; path = RecommendationController.swift; sourceTree = "<group>"; };
		1A9FC4C428047F4E001EDAE4 /* FeatureInfoController.swift */ = {isa = PBXFileReference; lastKnownFileType = sourcecode.swift; path = FeatureInfoController.swift; sourceTree = "<group>"; };
		1A9FC4C72804A7F6001EDAE4 /* FeaturesInfoDetailController.swift */ = {isa = PBXFileReference; lastKnownFileType = sourcecode.swift; path = FeaturesInfoDetailController.swift; sourceTree = "<group>"; };
		1A9FC4C92804A99D001EDAE4 /* CustomPageViewController.swift */ = {isa = PBXFileReference; lastKnownFileType = sourcecode.swift; path = CustomPageViewController.swift; sourceTree = "<group>"; };
		1AB1098828064FC80092E85D /* WaitingResultController.swift */ = {isa = PBXFileReference; lastKnownFileType = sourcecode.swift; path = WaitingResultController.swift; sourceTree = "<group>"; };
		1ADCA5042805CE49001C0A99 /* ChatViewController.swift */ = {isa = PBXFileReference; lastKnownFileType = sourcecode.swift; path = ChatViewController.swift; sourceTree = "<group>"; };
		1AE9E579280536C60091EA21 /* BaseChatViewController.swift */ = {isa = PBXFileReference; lastKnownFileType = sourcecode.swift; path = BaseChatViewController.swift; sourceTree = "<group>"; };
		1AEA25C027FBE7A400731BED /* MiniChallenge1.app */ = {isa = PBXFileReference; explicitFileType = wrapper.application; includeInIndex = 0; path = MiniChallenge1.app; sourceTree = BUILT_PRODUCTS_DIR; };
		1AEA25C327FBE7A400731BED /* AppDelegate.swift */ = {isa = PBXFileReference; lastKnownFileType = sourcecode.swift; path = AppDelegate.swift; sourceTree = "<group>"; };
		1AEA25C527FBE7A400731BED /* SceneDelegate.swift */ = {isa = PBXFileReference; lastKnownFileType = sourcecode.swift; path = SceneDelegate.swift; sourceTree = "<group>"; };
		1AEA25C727FBE7A400731BED /* ViewController.swift */ = {isa = PBXFileReference; lastKnownFileType = sourcecode.swift; path = ViewController.swift; sourceTree = "<group>"; };
		1AEA25CA27FBE7A400731BED /* Base */ = {isa = PBXFileReference; lastKnownFileType = file.storyboard; name = Base; path = Base.lproj/Main.storyboard; sourceTree = "<group>"; };
		1AEA25CC27FBE7A500731BED /* Assets.xcassets */ = {isa = PBXFileReference; lastKnownFileType = folder.assetcatalog; path = Assets.xcassets; sourceTree = "<group>"; };
		1AEA25CF27FBE7A500731BED /* Base */ = {isa = PBXFileReference; lastKnownFileType = file.storyboard; name = Base; path = Base.lproj/LaunchScreen.storyboard; sourceTree = "<group>"; };
		1AEA25D127FBE7A500731BED /* Info.plist */ = {isa = PBXFileReference; lastKnownFileType = text.plist.xml; path = Info.plist; sourceTree = "<group>"; };
		1AEA25D627FBE7A500731BED /* MiniChallenge1Tests.xctest */ = {isa = PBXFileReference; explicitFileType = wrapper.cfbundle; includeInIndex = 0; path = MiniChallenge1Tests.xctest; sourceTree = BUILT_PRODUCTS_DIR; };
		1AEA25DA27FBE7A500731BED /* MiniChallenge1Tests.swift */ = {isa = PBXFileReference; lastKnownFileType = sourcecode.swift; path = MiniChallenge1Tests.swift; sourceTree = "<group>"; };
		1AEA25E027FBE7A500731BED /* MiniChallenge1UITests.xctest */ = {isa = PBXFileReference; explicitFileType = wrapper.cfbundle; includeInIndex = 0; path = MiniChallenge1UITests.xctest; sourceTree = BUILT_PRODUCTS_DIR; };
		1AEA25E427FBE7A500731BED /* MiniChallenge1UITests.swift */ = {isa = PBXFileReference; lastKnownFileType = sourcecode.swift; path = MiniChallenge1UITests.swift; sourceTree = "<group>"; };
		1AEA25E627FBE7A500731BED /* MiniChallenge1UITestsLaunchTests.swift */ = {isa = PBXFileReference; lastKnownFileType = sourcecode.swift; path = MiniChallenge1UITestsLaunchTests.swift; sourceTree = "<group>"; };
		1AFF432E27FFE4650049690D /* PopupPetLevelController.swift */ = {isa = PBXFileReference; lastKnownFileType = sourcecode.swift; path = PopupPetLevelController.swift; sourceTree = "<group>"; };
/* End PBXFileReference section */

/* Begin PBXFrameworksBuildPhase section */
		1AEA25BD27FBE7A400731BED /* Frameworks */ = {
			isa = PBXFrameworksBuildPhase;
			buildActionMask = 2147483647;
			files = (
				1AE9E57D280537EF0091EA21 /* MessageKit in Frameworks */,
				1AFF432C27FFE1D60049690D /* BottomSheet in Frameworks */,
			);
			runOnlyForDeploymentPostprocessing = 0;
		};
		1AEA25D327FBE7A500731BED /* Frameworks */ = {
			isa = PBXFrameworksBuildPhase;
			buildActionMask = 2147483647;
			files = (
			);
			runOnlyForDeploymentPostprocessing = 0;
		};
		1AEA25DD27FBE7A500731BED /* Frameworks */ = {
			isa = PBXFrameworksBuildPhase;
			buildActionMask = 2147483647;
			files = (
			);
			runOnlyForDeploymentPostprocessing = 0;
		};
/* End PBXFrameworksBuildPhase section */

/* Begin PBXGroup section */
		1A253B2D2803C2A600E5D312 /* TableView */ = {
			isa = PBXGroup;
			children = (
				1A2F886427FEEA3D009C3FEE /* RecommendationItemView.swift */,
				1A253B2E2803C2ED00E5D312 /* ProductItemView.swift */,
			);
			path = TableView;
			sourceTree = "<group>";
		};
		1A3B2E0827FD5A2000077962 /* Views */ = {
			isa = PBXGroup;
			children = (
				1AE9E5782805369A0091EA21 /* Chats */,
				1A9FC4C62804A7DE001EDAE4 /* Features */,
				1A253B2D2803C2A600E5D312 /* TableView */,
				1AFF432D27FFE4490049690D /* Popup */,
				1A86676527FDEAB500BAA581 /* RecommendationController.swift */,
				1AEA25C727FBE7A400731BED /* ViewController.swift */,
				1A7E892227FF90B40023F8EB /* RecommendationEmptyController.swift */,
				1AB1098828064FC80092E85D /* WaitingResultController.swift */,
			);
			path = Views;
			sourceTree = "<group>";
		};
		1A3B2E0927FD5A2C00077962 /* Models */ = {
			isa = PBXGroup;
			children = (
				1A55AB1A27FE87090063D286 /* ProductItem.swift */,
				1A55AB1F27FE97C80063D286 /* ModelData.swift */,
			);
			path = Models;
			sourceTree = "<group>";
		};
		1A55AB1C27FE8D000063D286 /* Resources */ = {
			isa = PBXGroup;
			children = (
				1A55AB1D27FE8D690063D286 /* Products.json */,
			);
			path = Resources;
			sourceTree = "<group>";
		};
		1A9FC4C62804A7DE001EDAE4 /* Features */ = {
			isa = PBXGroup;
			children = (
				1A9FC4C72804A7F6001EDAE4 /* FeaturesInfoDetailController.swift */,
				1A9FC4C92804A99D001EDAE4 /* CustomPageViewController.swift */,
				1A9FC4C428047F4E001EDAE4 /* FeatureInfoController.swift */,
			);
			path = Features;
			sourceTree = "<group>";
		};
		1AE9E5782805369A0091EA21 /* Chats */ = {
			isa = PBXGroup;
			children = (
				1AE9E579280536C60091EA21 /* BaseChatViewController.swift */,
				1ADCA5042805CE49001C0A99 /* ChatViewController.swift */,
			);
			path = Chats;
			sourceTree = "<group>";
		};
		1AEA25B727FBE7A400731BED = {
			isa = PBXGroup;
			children = (
				1AEA25C227FBE7A400731BED /* MiniChallenge1 */,
				1AEA25D927FBE7A500731BED /* MiniChallenge1Tests */,
				1AEA25E327FBE7A500731BED /* MiniChallenge1UITests */,
				1AEA25C127FBE7A400731BED /* Products */,
			);
			sourceTree = "<group>";
		};
		1AEA25C127FBE7A400731BED /* Products */ = {
			isa = PBXGroup;
			children = (
				1AEA25C027FBE7A400731BED /* MiniChallenge1.app */,
				1AEA25D627FBE7A500731BED /* MiniChallenge1Tests.xctest */,
				1AEA25E027FBE7A500731BED /* MiniChallenge1UITests.xctest */,
			);
			name = Products;
			sourceTree = "<group>";
		};
		1AEA25C227FBE7A400731BED /* MiniChallenge1 */ = {
			isa = PBXGroup;
			children = (
				1A55AB1C27FE8D000063D286 /* Resources */,
				1A3B2E0927FD5A2C00077962 /* Models */,
				1A3B2E0827FD5A2000077962 /* Views */,
				1AEA25C327FBE7A400731BED /* AppDelegate.swift */,
				1AEA25C527FBE7A400731BED /* SceneDelegate.swift */,
				1AEA25C927FBE7A400731BED /* Main.storyboard */,
				1AEA25CC27FBE7A500731BED /* Assets.xcassets */,
				1AEA25CE27FBE7A500731BED /* LaunchScreen.storyboard */,
				1AEA25D127FBE7A500731BED /* Info.plist */,
			);
			path = MiniChallenge1;
			sourceTree = "<group>";
		};
		1AEA25D927FBE7A500731BED /* MiniChallenge1Tests */ = {
			isa = PBXGroup;
			children = (
				1AEA25DA27FBE7A500731BED /* MiniChallenge1Tests.swift */,
			);
			path = MiniChallenge1Tests;
			sourceTree = "<group>";
		};
		1AEA25E327FBE7A500731BED /* MiniChallenge1UITests */ = {
			isa = PBXGroup;
			children = (
				1AEA25E427FBE7A500731BED /* MiniChallenge1UITests.swift */,
				1AEA25E627FBE7A500731BED /* MiniChallenge1UITestsLaunchTests.swift */,
			);
			path = MiniChallenge1UITests;
			sourceTree = "<group>";
		};
		1AFF432D27FFE4490049690D /* Popup */ = {
			isa = PBXGroup;
			children = (
				1AFF432E27FFE4650049690D /* PopupPetLevelController.swift */,
				1A30E91628002EB000832614 /* PopupPetLevelEmptyController.swift */,
				1A1DBD00280346CB00A3E69B /* PopupProductDetailController.swift */,
				1A253B302803DC9A00E5D312 /* PopupChartController.swift */,
			);
			path = Popup;
			sourceTree = "<group>";
		};
/* End PBXGroup section */

/* Begin PBXNativeTarget section */
		1AEA25BF27FBE7A400731BED /* MiniChallenge1 */ = {
			isa = PBXNativeTarget;
			buildConfigurationList = 1AEA25EA27FBE7A500731BED /* Build configuration list for PBXNativeTarget "MiniChallenge1" */;
			buildPhases = (
				1AEA25BC27FBE7A400731BED /* Sources */,
				1AEA25BD27FBE7A400731BED /* Frameworks */,
				1AEA25BE27FBE7A400731BED /* Resources */,
			);
			buildRules = (
			);
			dependencies = (
			);
			name = MiniChallenge1;
			packageProductDependencies = (
				1AFF432B27FFE1D60049690D /* BottomSheet */,
				1AE9E57C280537EF0091EA21 /* MessageKit */,
			);
			productName = MiniChallenge1;
			productReference = 1AEA25C027FBE7A400731BED /* MiniChallenge1.app */;
			productType = "com.apple.product-type.application";
		};
		1AEA25D527FBE7A500731BED /* MiniChallenge1Tests */ = {
			isa = PBXNativeTarget;
			buildConfigurationList = 1AEA25ED27FBE7A500731BED /* Build configuration list for PBXNativeTarget "MiniChallenge1Tests" */;
			buildPhases = (
				1AEA25D227FBE7A500731BED /* Sources */,
				1AEA25D327FBE7A500731BED /* Frameworks */,
				1AEA25D427FBE7A500731BED /* Resources */,
			);
			buildRules = (
			);
			dependencies = (
				1AEA25D827FBE7A500731BED /* PBXTargetDependency */,
			);
			name = MiniChallenge1Tests;
			productName = MiniChallenge1Tests;
			productReference = 1AEA25D627FBE7A500731BED /* MiniChallenge1Tests.xctest */;
			productType = "com.apple.product-type.bundle.unit-test";
		};
		1AEA25DF27FBE7A500731BED /* MiniChallenge1UITests */ = {
			isa = PBXNativeTarget;
			buildConfigurationList = 1AEA25F027FBE7A500731BED /* Build configuration list for PBXNativeTarget "MiniChallenge1UITests" */;
			buildPhases = (
				1AEA25DC27FBE7A500731BED /* Sources */,
				1AEA25DD27FBE7A500731BED /* Frameworks */,
				1AEA25DE27FBE7A500731BED /* Resources */,
			);
			buildRules = (
			);
			dependencies = (
				1AEA25E227FBE7A500731BED /* PBXTargetDependency */,
			);
			name = MiniChallenge1UITests;
			productName = MiniChallenge1UITests;
			productReference = 1AEA25E027FBE7A500731BED /* MiniChallenge1UITests.xctest */;
			productType = "com.apple.product-type.bundle.ui-testing";
		};
/* End PBXNativeTarget section */

/* Begin PBXProject section */
		1AEA25B827FBE7A400731BED /* Project object */ = {
			isa = PBXProject;
			attributes = {
				BuildIndependentTargetsInParallel = 1;
				LastSwiftUpdateCheck = 1320;
				LastUpgradeCheck = 1320;
				TargetAttributes = {
					1AEA25BF27FBE7A400731BED = {
						CreatedOnToolsVersion = 13.2.1;
					};
					1AEA25D527FBE7A500731BED = {
						CreatedOnToolsVersion = 13.2.1;
						TestTargetID = 1AEA25BF27FBE7A400731BED;
					};
					1AEA25DF27FBE7A500731BED = {
						CreatedOnToolsVersion = 13.2.1;
						TestTargetID = 1AEA25BF27FBE7A400731BED;
					};
				};
			};
			buildConfigurationList = 1AEA25BB27FBE7A400731BED /* Build configuration list for PBXProject "MiniChallenge1" */;
			compatibilityVersion = "Xcode 13.0";
			developmentRegion = en;
			hasScannedForEncodings = 0;
			knownRegions = (
				en,
				Base,
			);
			mainGroup = 1AEA25B727FBE7A400731BED;
			packageReferences = (
				1AFF432A27FFE1D60049690D /* XCRemoteSwiftPackageReference "BottomSheet" */,
				1AE9E57B280537EF0091EA21 /* XCRemoteSwiftPackageReference "MessageKit" */,
			);
			productRefGroup = 1AEA25C127FBE7A400731BED /* Products */;
			projectDirPath = "";
			projectRoot = "";
			targets = (
				1AEA25BF27FBE7A400731BED /* MiniChallenge1 */,
				1AEA25D527FBE7A500731BED /* MiniChallenge1Tests */,
				1AEA25DF27FBE7A500731BED /* MiniChallenge1UITests */,
			);
		};
/* End PBXProject section */

/* Begin PBXResourcesBuildPhase section */
		1AEA25BE27FBE7A400731BED /* Resources */ = {
			isa = PBXResourcesBuildPhase;
			buildActionMask = 2147483647;
			files = (
				1AEA25D027FBE7A500731BED /* LaunchScreen.storyboard in Resources */,
				1A55AB1E27FE8D690063D286 /* Products.json in Resources */,
				1AEA25CD27FBE7A500731BED /* Assets.xcassets in Resources */,
				1AEA25CB27FBE7A400731BED /* Main.storyboard in Resources */,
			);
			runOnlyForDeploymentPostprocessing = 0;
		};
		1AEA25D427FBE7A500731BED /* Resources */ = {
			isa = PBXResourcesBuildPhase;
			buildActionMask = 2147483647;
			files = (
			);
			runOnlyForDeploymentPostprocessing = 0;
		};
		1AEA25DE27FBE7A500731BED /* Resources */ = {
			isa = PBXResourcesBuildPhase;
			buildActionMask = 2147483647;
			files = (
			);
			runOnlyForDeploymentPostprocessing = 0;
		};
/* End PBXResourcesBuildPhase section */

/* Begin PBXSourcesBuildPhase section */
		1AEA25BC27FBE7A400731BED /* Sources */ = {
			isa = PBXSourcesBuildPhase;
			buildActionMask = 2147483647;
			files = (
				1A9FC4CA2804A99D001EDAE4 /* CustomPageViewController.swift in Sources */,
				1A9FC4C528047F4E001EDAE4 /* FeatureInfoController.swift in Sources */,
				1AFF432F27FFE4650049690D /* PopupPetLevelController.swift in Sources */,
				1AB1098928064FC80092E85D /* WaitingResultController.swift in Sources */,
				1A253B312803DC9A00E5D312 /* PopupChartController.swift in Sources */,
				1A55AB1B27FE87090063D286 /* ProductItem.swift in Sources */,
				1AEA25C827FBE7A400731BED /* ViewController.swift in Sources */,
				1A253B2F2803C2ED00E5D312 /* ProductItemView.swift in Sources */,
				1AEA25C427FBE7A400731BED /* AppDelegate.swift in Sources */,
				1A2F886527FEEA3D009C3FEE /* RecommendationItemView.swift in Sources */,
				1A86676627FDEAB500BAA581 /* RecommendationController.swift in Sources */,
				1AEA25C627FBE7A400731BED /* SceneDelegate.swift in Sources */,
				1AE9E57A280536C60091EA21 /* BaseChatViewController.swift in Sources */,
				1A7E892327FF90B40023F8EB /* RecommendationEmptyController.swift in Sources */,
				1A1DBD01280346CB00A3E69B /* PopupProductDetailController.swift in Sources */,
				1A55AB2027FE97C80063D286 /* ModelData.swift in Sources */,
				1A30E91728002EB000832614 /* PopupPetLevelEmptyController.swift in Sources */,
				1ADCA5052805CE49001C0A99 /* ChatViewController.swift in Sources */,
				1A9FC4C82804A7F6001EDAE4 /* FeaturesInfoDetailController.swift in Sources */,
			);
			runOnlyForDeploymentPostprocessing = 0;
		};
		1AEA25D227FBE7A500731BED /* Sources */ = {
			isa = PBXSourcesBuildPhase;
			buildActionMask = 2147483647;
			files = (
				1AEA25DB27FBE7A500731BED /* MiniChallenge1Tests.swift in Sources */,
			);
			runOnlyForDeploymentPostprocessing = 0;
		};
		1AEA25DC27FBE7A500731BED /* Sources */ = {
			isa = PBXSourcesBuildPhase;
			buildActionMask = 2147483647;
			files = (
				1AEA25E527FBE7A500731BED /* MiniChallenge1UITests.swift in Sources */,
				1AEA25E727FBE7A500731BED /* MiniChallenge1UITestsLaunchTests.swift in Sources */,
			);
			runOnlyForDeploymentPostprocessing = 0;
		};
/* End PBXSourcesBuildPhase section */

/* Begin PBXTargetDependency section */
		1AEA25D827FBE7A500731BED /* PBXTargetDependency */ = {
			isa = PBXTargetDependency;
			target = 1AEA25BF27FBE7A400731BED /* MiniChallenge1 */;
			targetProxy = 1AEA25D727FBE7A500731BED /* PBXContainerItemProxy */;
		};
		1AEA25E227FBE7A500731BED /* PBXTargetDependency */ = {
			isa = PBXTargetDependency;
			target = 1AEA25BF27FBE7A400731BED /* MiniChallenge1 */;
			targetProxy = 1AEA25E127FBE7A500731BED /* PBXContainerItemProxy */;
		};
/* End PBXTargetDependency section */

/* Begin PBXVariantGroup section */
		1AEA25C927FBE7A400731BED /* Main.storyboard */ = {
			isa = PBXVariantGroup;
			children = (
				1AEA25CA27FBE7A400731BED /* Base */,
			);
			name = Main.storyboard;
			sourceTree = "<group>";
		};
		1AEA25CE27FBE7A500731BED /* LaunchScreen.storyboard */ = {
			isa = PBXVariantGroup;
			children = (
				1AEA25CF27FBE7A500731BED /* Base */,
			);
			name = LaunchScreen.storyboard;
			sourceTree = "<group>";
		};
/* End PBXVariantGroup section */

/* Begin XCBuildConfiguration section */
		1AEA25E827FBE7A500731BED /* Debug */ = {
			isa = XCBuildConfiguration;
			buildSettings = {
				ALWAYS_SEARCH_USER_PATHS = NO;
				CLANG_ANALYZER_NONNULL = YES;
				CLANG_ANALYZER_NUMBER_OBJECT_CONVERSION = YES_AGGRESSIVE;
				CLANG_CXX_LANGUAGE_STANDARD = "gnu++17";
				CLANG_CXX_LIBRARY = "libc++";
				CLANG_ENABLE_MODULES = YES;
				CLANG_ENABLE_OBJC_ARC = YES;
				CLANG_ENABLE_OBJC_WEAK = YES;
				CLANG_WARN_BLOCK_CAPTURE_AUTORELEASING = YES;
				CLANG_WARN_BOOL_CONVERSION = YES;
				CLANG_WARN_COMMA = YES;
				CLANG_WARN_CONSTANT_CONVERSION = YES;
				CLANG_WARN_DEPRECATED_OBJC_IMPLEMENTATIONS = YES;
				CLANG_WARN_DIRECT_OBJC_ISA_USAGE = YES_ERROR;
				CLANG_WARN_DOCUMENTATION_COMMENTS = YES;
				CLANG_WARN_EMPTY_BODY = YES;
				CLANG_WARN_ENUM_CONVERSION = YES;
				CLANG_WARN_INFINITE_RECURSION = YES;
				CLANG_WARN_INT_CONVERSION = YES;
				CLANG_WARN_NON_LITERAL_NULL_CONVERSION = YES;
				CLANG_WARN_OBJC_IMPLICIT_RETAIN_SELF = YES;
				CLANG_WARN_OBJC_LITERAL_CONVERSION = YES;
				CLANG_WARN_OBJC_ROOT_CLASS = YES_ERROR;
				CLANG_WARN_QUOTED_INCLUDE_IN_FRAMEWORK_HEADER = YES;
				CLANG_WARN_RANGE_LOOP_ANALYSIS = YES;
				CLANG_WARN_STRICT_PROTOTYPES = YES;
				CLANG_WARN_SUSPICIOUS_MOVE = YES;
				CLANG_WARN_UNGUARDED_AVAILABILITY = YES_AGGRESSIVE;
				CLANG_WARN_UNREACHABLE_CODE = YES;
				CLANG_WARN__DUPLICATE_METHOD_MATCH = YES;
				COPY_PHASE_STRIP = NO;
				DEBUG_INFORMATION_FORMAT = dwarf;
				ENABLE_STRICT_OBJC_MSGSEND = YES;
				ENABLE_TESTABILITY = YES;
				GCC_C_LANGUAGE_STANDARD = gnu11;
				GCC_DYNAMIC_NO_PIC = NO;
				GCC_NO_COMMON_BLOCKS = YES;
				GCC_OPTIMIZATION_LEVEL = 0;
				GCC_PREPROCESSOR_DEFINITIONS = (
					"DEBUG=1",
					"$(inherited)",
				);
				GCC_WARN_64_TO_32_BIT_CONVERSION = YES;
				GCC_WARN_ABOUT_RETURN_TYPE = YES_ERROR;
				GCC_WARN_UNDECLARED_SELECTOR = YES;
				GCC_WARN_UNINITIALIZED_AUTOS = YES_AGGRESSIVE;
				GCC_WARN_UNUSED_FUNCTION = YES;
				GCC_WARN_UNUSED_VARIABLE = YES;
				IPHONEOS_DEPLOYMENT_TARGET = 15.2;
				MTL_ENABLE_DEBUG_INFO = INCLUDE_SOURCE;
				MTL_FAST_MATH = YES;
				ONLY_ACTIVE_ARCH = YES;
				SDKROOT = iphoneos;
				SWIFT_ACTIVE_COMPILATION_CONDITIONS = DEBUG;
				SWIFT_OPTIMIZATION_LEVEL = "-Onone";
			};
			name = Debug;
		};
		1AEA25E927FBE7A500731BED /* Release */ = {
			isa = XCBuildConfiguration;
			buildSettings = {
				ALWAYS_SEARCH_USER_PATHS = NO;
				CLANG_ANALYZER_NONNULL = YES;
				CLANG_ANALYZER_NUMBER_OBJECT_CONVERSION = YES_AGGRESSIVE;
				CLANG_CXX_LANGUAGE_STANDARD = "gnu++17";
				CLANG_CXX_LIBRARY = "libc++";
				CLANG_ENABLE_MODULES = YES;
				CLANG_ENABLE_OBJC_ARC = YES;
				CLANG_ENABLE_OBJC_WEAK = YES;
				CLANG_WARN_BLOCK_CAPTURE_AUTORELEASING = YES;
				CLANG_WARN_BOOL_CONVERSION = YES;
				CLANG_WARN_COMMA = YES;
				CLANG_WARN_CONSTANT_CONVERSION = YES;
				CLANG_WARN_DEPRECATED_OBJC_IMPLEMENTATIONS = YES;
				CLANG_WARN_DIRECT_OBJC_ISA_USAGE = YES_ERROR;
				CLANG_WARN_DOCUMENTATION_COMMENTS = YES;
				CLANG_WARN_EMPTY_BODY = YES;
				CLANG_WARN_ENUM_CONVERSION = YES;
				CLANG_WARN_INFINITE_RECURSION = YES;
				CLANG_WARN_INT_CONVERSION = YES;
				CLANG_WARN_NON_LITERAL_NULL_CONVERSION = YES;
				CLANG_WARN_OBJC_IMPLICIT_RETAIN_SELF = YES;
				CLANG_WARN_OBJC_LITERAL_CONVERSION = YES;
				CLANG_WARN_OBJC_ROOT_CLASS = YES_ERROR;
				CLANG_WARN_QUOTED_INCLUDE_IN_FRAMEWORK_HEADER = YES;
				CLANG_WARN_RANGE_LOOP_ANALYSIS = YES;
				CLANG_WARN_STRICT_PROTOTYPES = YES;
				CLANG_WARN_SUSPICIOUS_MOVE = YES;
				CLANG_WARN_UNGUARDED_AVAILABILITY = YES_AGGRESSIVE;
				CLANG_WARN_UNREACHABLE_CODE = YES;
				CLANG_WARN__DUPLICATE_METHOD_MATCH = YES;
				COPY_PHASE_STRIP = NO;
				DEBUG_INFORMATION_FORMAT = "dwarf-with-dsym";
				ENABLE_NS_ASSERTIONS = NO;
				ENABLE_STRICT_OBJC_MSGSEND = YES;
				GCC_C_LANGUAGE_STANDARD = gnu11;
				GCC_NO_COMMON_BLOCKS = YES;
				GCC_WARN_64_TO_32_BIT_CONVERSION = YES;
				GCC_WARN_ABOUT_RETURN_TYPE = YES_ERROR;
				GCC_WARN_UNDECLARED_SELECTOR = YES;
				GCC_WARN_UNINITIALIZED_AUTOS = YES_AGGRESSIVE;
				GCC_WARN_UNUSED_FUNCTION = YES;
				GCC_WARN_UNUSED_VARIABLE = YES;
				IPHONEOS_DEPLOYMENT_TARGET = 15.2;
				MTL_ENABLE_DEBUG_INFO = NO;
				MTL_FAST_MATH = YES;
				SDKROOT = iphoneos;
				SWIFT_COMPILATION_MODE = wholemodule;
				SWIFT_OPTIMIZATION_LEVEL = "-O";
				VALIDATE_PRODUCT = YES;
			};
			name = Release;
		};
		1AEA25EB27FBE7A500731BED /* Debug */ = {
			isa = XCBuildConfiguration;
			buildSettings = {
				ASSETCATALOG_COMPILER_APPICON_NAME = AppIcon;
				ASSETCATALOG_COMPILER_GLOBAL_ACCENT_COLOR_NAME = AccentColor;
				CODE_SIGN_STYLE = Automatic;
				CURRENT_PROJECT_VERSION = 1;
				DEVELOPMENT_TEAM = P867Z2P62X;
				GENERATE_INFOPLIST_FILE = YES;
				INFOPLIST_FILE = MiniChallenge1/Info.plist;
				INFOPLIST_KEY_UIApplicationSupportsIndirectInputEvents = YES;
				INFOPLIST_KEY_UILaunchStoryboardName = LaunchScreen;
				INFOPLIST_KEY_UIMainStoryboardFile = Main;
				INFOPLIST_KEY_UISupportedInterfaceOrientations_iPad = "UIInterfaceOrientationPortrait UIInterfaceOrientationPortraitUpsideDown UIInterfaceOrientationLandscapeLeft UIInterfaceOrientationLandscapeRight";
				INFOPLIST_KEY_UISupportedInterfaceOrientations_iPhone = "UIInterfaceOrientationPortrait UIInterfaceOrientationLandscapeLeft UIInterfaceOrientationLandscapeRight";
				LD_RUNPATH_SEARCH_PATHS = (
					"$(inherited)",
					"@executable_path/Frameworks",
				);
				MARKETING_VERSION = 1.0;
				PRODUCT_BUNDLE_IDENTIFIER = subdigi.stdio.MiniChallenge1;
				PRODUCT_NAME = "$(TARGET_NAME)";
				SWIFT_EMIT_LOC_STRINGS = YES;
				SWIFT_VERSION = 5.0;
				TARGETED_DEVICE_FAMILY = "1,2";
			};
			name = Debug;
		};
		1AEA25EC27FBE7A500731BED /* Release */ = {
			isa = XCBuildConfiguration;
			buildSettings = {
				ASSETCATALOG_COMPILER_APPICON_NAME = AppIcon;
				ASSETCATALOG_COMPILER_GLOBAL_ACCENT_COLOR_NAME = AccentColor;
				CODE_SIGN_STYLE = Automatic;
				CURRENT_PROJECT_VERSION = 1;
				DEVELOPMENT_TEAM = P867Z2P62X;
				GENERATE_INFOPLIST_FILE = YES;
				INFOPLIST_FILE = MiniChallenge1/Info.plist;
				INFOPLIST_KEY_UIApplicationSupportsIndirectInputEvents = YES;
				INFOPLIST_KEY_UILaunchStoryboardName = LaunchScreen;
				INFOPLIST_KEY_UIMainStoryboardFile = Main;
				INFOPLIST_KEY_UISupportedInterfaceOrientations_iPad = "UIInterfaceOrientationPortrait UIInterfaceOrientationPortraitUpsideDown UIInterfaceOrientationLandscapeLeft UIInterfaceOrientationLandscapeRight";
				INFOPLIST_KEY_UISupportedInterfaceOrientations_iPhone = "UIInterfaceOrientationPortrait UIInterfaceOrientationLandscapeLeft UIInterfaceOrientationLandscapeRight";
				LD_RUNPATH_SEARCH_PATHS = (
					"$(inherited)",
					"@executable_path/Frameworks",
				);
				MARKETING_VERSION = 1.0;
				PRODUCT_BUNDLE_IDENTIFIER = subdigi.stdio.MiniChallenge1;
				PRODUCT_NAME = "$(TARGET_NAME)";
				SWIFT_EMIT_LOC_STRINGS = YES;
				SWIFT_VERSION = 5.0;
				TARGETED_DEVICE_FAMILY = "1,2";
			};
			name = Release;
		};
		1AEA25EE27FBE7A500731BED /* Debug */ = {
			isa = XCBuildConfiguration;
			buildSettings = {
				ALWAYS_EMBED_SWIFT_STANDARD_LIBRARIES = YES;
				BUNDLE_LOADER = "$(TEST_HOST)";
				CODE_SIGN_STYLE = Automatic;
				CURRENT_PROJECT_VERSION = 1;
				DEVELOPMENT_TEAM = P867Z2P62X;
				GENERATE_INFOPLIST_FILE = YES;
				IPHONEOS_DEPLOYMENT_TARGET = 15.2;
				MARKETING_VERSION = 1.0;
				PRODUCT_BUNDLE_IDENTIFIER = subdigi.stdio.MiniChallenge1Tests;
				PRODUCT_NAME = "$(TARGET_NAME)";
				SWIFT_EMIT_LOC_STRINGS = NO;
				SWIFT_VERSION = 5.0;
				TARGETED_DEVICE_FAMILY = "1,2";
				TEST_HOST = "$(BUILT_PRODUCTS_DIR)/MiniChallenge1.app/MiniChallenge1";
			};
			name = Debug;
		};
		1AEA25EF27FBE7A500731BED /* Release */ = {
			isa = XCBuildConfiguration;
			buildSettings = {
				ALWAYS_EMBED_SWIFT_STANDARD_LIBRARIES = YES;
				BUNDLE_LOADER = "$(TEST_HOST)";
				CODE_SIGN_STYLE = Automatic;
				CURRENT_PROJECT_VERSION = 1;
				DEVELOPMENT_TEAM = P867Z2P62X;
				GENERATE_INFOPLIST_FILE = YES;
				IPHONEOS_DEPLOYMENT_TARGET = 15.2;
				MARKETING_VERSION = 1.0;
				PRODUCT_BUNDLE_IDENTIFIER = subdigi.stdio.MiniChallenge1Tests;
				PRODUCT_NAME = "$(TARGET_NAME)";
				SWIFT_EMIT_LOC_STRINGS = NO;
				SWIFT_VERSION = 5.0;
				TARGETED_DEVICE_FAMILY = "1,2";
				TEST_HOST = "$(BUILT_PRODUCTS_DIR)/MiniChallenge1.app/MiniChallenge1";
			};
			name = Release;
		};
		1AEA25F127FBE7A500731BED /* Debug */ = {
			isa = XCBuildConfiguration;
			buildSettings = {
				ALWAYS_EMBED_SWIFT_STANDARD_LIBRARIES = YES;
				CODE_SIGN_STYLE = Automatic;
				CURRENT_PROJECT_VERSION = 1;
				DEVELOPMENT_TEAM = P867Z2P62X;
				GENERATE_INFOPLIST_FILE = YES;
				MARKETING_VERSION = 1.0;
				PRODUCT_BUNDLE_IDENTIFIER = subdigi.stdio.MiniChallenge1UITests;
				PRODUCT_NAME = "$(TARGET_NAME)";
				SWIFT_EMIT_LOC_STRINGS = NO;
				SWIFT_VERSION = 5.0;
				TARGETED_DEVICE_FAMILY = "1,2";
				TEST_TARGET_NAME = MiniChallenge1;
			};
			name = Debug;
		};
		1AEA25F227FBE7A500731BED /* Release */ = {
			isa = XCBuildConfiguration;
			buildSettings = {
				ALWAYS_EMBED_SWIFT_STANDARD_LIBRARIES = YES;
				CODE_SIGN_STYLE = Automatic;
				CURRENT_PROJECT_VERSION = 1;
				DEVELOPMENT_TEAM = P867Z2P62X;
				GENERATE_INFOPLIST_FILE = YES;
				MARKETING_VERSION = 1.0;
				PRODUCT_BUNDLE_IDENTIFIER = subdigi.stdio.MiniChallenge1UITests;
				PRODUCT_NAME = "$(TARGET_NAME)";
				SWIFT_EMIT_LOC_STRINGS = NO;
				SWIFT_VERSION = 5.0;
				TARGETED_DEVICE_FAMILY = "1,2";
				TEST_TARGET_NAME = MiniChallenge1;
			};
			name = Release;
		};
/* End XCBuildConfiguration section */

/* Begin XCConfigurationList section */
		1AEA25BB27FBE7A400731BED /* Build configuration list for PBXProject "MiniChallenge1" */ = {
			isa = XCConfigurationList;
			buildConfigurations = (
				1AEA25E827FBE7A500731BED /* Debug */,
				1AEA25E927FBE7A500731BED /* Release */,
			);
			defaultConfigurationIsVisible = 0;
			defaultConfigurationName = Release;
		};
		1AEA25EA27FBE7A500731BED /* Build configuration list for PBXNativeTarget "MiniChallenge1" */ = {
			isa = XCConfigurationList;
			buildConfigurations = (
				1AEA25EB27FBE7A500731BED /* Debug */,
				1AEA25EC27FBE7A500731BED /* Release */,
			);
			defaultConfigurationIsVisible = 0;
			defaultConfigurationName = Release;
		};
		1AEA25ED27FBE7A500731BED /* Build configuration list for PBXNativeTarget "MiniChallenge1Tests" */ = {
			isa = XCConfigurationList;
			buildConfigurations = (
				1AEA25EE27FBE7A500731BED /* Debug */,
				1AEA25EF27FBE7A500731BED /* Release */,
			);
			defaultConfigurationIsVisible = 0;
			defaultConfigurationName = Release;
		};
		1AEA25F027FBE7A500731BED /* Build configuration list for PBXNativeTarget "MiniChallenge1UITests" */ = {
			isa = XCConfigurationList;
			buildConfigurations = (
				1AEA25F127FBE7A500731BED /* Debug */,
				1AEA25F227FBE7A500731BED /* Release */,
			);
			defaultConfigurationIsVisible = 0;
			defaultConfigurationName = Release;
		};
/* End XCConfigurationList section */

/* Begin XCRemoteSwiftPackageReference section */
		1AE9E57B280537EF0091EA21 /* XCRemoteSwiftPackageReference "MessageKit" */ = {
			isa = XCRemoteSwiftPackageReference;
			repositoryURL = "https://github.com/MessageKit/MessageKit";
			requirement = {
				kind = upToNextMajorVersion;
				minimumVersion = 3.0.0;
			};
		};
		1AFF432A27FFE1D60049690D /* XCRemoteSwiftPackageReference "BottomSheet" */ = {
			isa = XCRemoteSwiftPackageReference;
			repositoryURL = "https://github.com/gaetanomatonti/BottomSheet";
			requirement = {
				kind = upToNextMajorVersion;
				minimumVersion = 0.3.0;
			};
		};
/* End XCRemoteSwiftPackageReference section */

/* Begin XCSwiftPackageProductDependency section */
		1AE9E57C280537EF0091EA21 /* MessageKit */ = {
			isa = XCSwiftPackageProductDependency;
			package = 1AE9E57B280537EF0091EA21 /* XCRemoteSwiftPackageReference "MessageKit" */;
			productName = MessageKit;
		};
		1AFF432B27FFE1D60049690D /* BottomSheet */ = {
			isa = XCSwiftPackageProductDependency;
			package = 1AFF432A27FFE1D60049690D /* XCRemoteSwiftPackageReference "BottomSheet" */;
			productName = BottomSheet;
		};
/* End XCSwiftPackageProductDependency section */
	};
	rootObject = 1AEA25B827FBE7A400731BED /* Project object */;
}
